{
	"name": "hackathon-kiro-grupo-A",
	"lockfileVersion": 3,
	"requires": true,
	"packages": {
		"": {
			"dependencies": {
				"@seguros-bolivar/ui-bundle": "^1.0.6"
			}
		},
		"node_modules/@seguros-bolivar/ui-bundle": {
			"version": "1.0.6",
			"resolved": "https://segurosbolivar.jfrog.io/artifactory/api/npm/seguros-bolivar-ui-lib-virtual/@seguros-bolivar/ui-bundle/-/@seguros-bolivar/ui-bundle-1.0.6.tgz",
			"integrity": "sha512-ehBJ8zM5bo7W326N/Ied8HqkMPYpY0aVGN/tdgf/resZCIHftCWbDiyF3KHUiG+/65BLusPbdrs29ueGHY7nuA==",
			"license": "MIT"
		}
	}
}
